
Microsoft Visual Studio Solution File, Format Version 11.00
# Visual Studio 2010
Project("{FAE04EC0-301F-11D3-BF4B-00C04F79EFBC}") = "Padre.PostSharp", "Sources\Padre.PostSharp\Padre.PostSharp.csproj", "{56E5869E-036A-4CA2-8769-7B1C288C276B}"
EndProject
Project("{FAE04EC0-301F-11D3-BF4B-00C04F79EFBC}") = "Padre.PostSharp.Test", "Sources\Padre.PostSharp.Test\Padre.PostSharp.Test.csproj", "{93AD6911-FD7A-4A30-B2A4-CB45B0D4CD9F}"
	ProjectSection(ProjectDependencies) = postProject
		{B40A09EF-C151-4ECF-9300-1498ED65DA72} = {B40A09EF-C151-4ECF-9300-1498ED65DA72}
	EndProjectSection
EndProject
Project("{FAE04EC0-301F-11D3-BF4B-00C04F79EFBC}") = "Padre.PostSharp.Weaver", "Sources\Padre.PostSharp.Weaver\Padre.PostSharp.Weaver.csproj", "{B40A09EF-C151-4ECF-9300-1498ED65DA72}"
EndProject
Global
	GlobalSection(SolutionConfigurationPlatforms) = preSolution
		Debug|Any CPU = Debug|Any CPU
		Debug|Mixed Platforms = Debug|Mixed Platforms
		Debug|x86 = Debug|x86
		Release|Any CPU = Release|Any CPU
		Release|Mixed Platforms = Release|Mixed Platforms
		Release|x86 = Release|x86
	EndGlobalSection
	GlobalSection(ProjectConfigurationPlatforms) = postSolution
		{56E5869E-036A-4CA2-8769-7B1C288C276B}.Debug|Any CPU.ActiveCfg = Debug|Any CPU
		{56E5869E-036A-4CA2-8769-7B1C288C276B}.Debug|Any CPU.Build.0 = Debug|Any CPU
		{56E5869E-036A-4CA2-8769-7B1C288C276B}.Debug|Mixed Platforms.ActiveCfg = Debug|Any CPU
		{56E5869E-036A-4CA2-8769-7B1C288C276B}.Debug|Mixed Platforms.Build.0 = Debug|Any CPU
		{56E5869E-036A-4CA2-8769-7B1C288C276B}.Debug|x86.ActiveCfg = Debug|Any CPU
		{56E5869E-036A-4CA2-8769-7B1C288C276B}.Release|Any CPU.ActiveCfg = Release|Any CPU
		{56E5869E-036A-4CA2-8769-7B1C288C276B}.Release|Any CPU.Build.0 = Release|Any CPU
		{56E5869E-036A-4CA2-8769-7B1C288C276B}.Release|Mixed Platforms.ActiveCfg = Release|Any CPU
		{56E5869E-036A-4CA2-8769-7B1C288C276B}.Release|Mixed Platforms.Build.0 = Release|Any CPU
		{56E5869E-036A-4CA2-8769-7B1C288C276B}.Release|x86.ActiveCfg = Release|Any CPU
		{93AD6911-FD7A-4A30-B2A4-CB45B0D4CD9F}.Debug|Any CPU.ActiveCfg = Debug|x86
		{93AD6911-FD7A-4A30-B2A4-CB45B0D4CD9F}.Debug|Mixed Platforms.ActiveCfg = Debug|x86
		{93AD6911-FD7A-4A30-B2A4-CB45B0D4CD9F}.Debug|Mixed Platforms.Build.0 = Debug|x86
		{93AD6911-FD7A-4A30-B2A4-CB45B0D4CD9F}.Debug|x86.ActiveCfg = Debug|x86
		{93AD6911-FD7A-4A30-B2A4-CB45B0D4CD9F}.Debug|x86.Build.0 = Debug|x86
		{93AD6911-FD7A-4A30-B2A4-CB45B0D4CD9F}.Release|Any CPU.ActiveCfg = Release|x86
		{93AD6911-FD7A-4A30-B2A4-CB45B0D4CD9F}.Release|Mixed Platforms.ActiveCfg = Release|x86
		{93AD6911-FD7A-4A30-B2A4-CB45B0D4CD9F}.Release|Mixed Platforms.Build.0 = Release|x86
		{93AD6911-FD7A-4A30-B2A4-CB45B0D4CD9F}.Release|x86.ActiveCfg = Release|x86
		{93AD6911-FD7A-4A30-B2A4-CB45B0D4CD9F}.Release|x86.Build.0 = Release|x86
		{B40A09EF-C151-4ECF-9300-1498ED65DA72}.Debug|Any CPU.ActiveCfg = Debug|Any CPU
		{B40A09EF-C151-4ECF-9300-1498ED65DA72}.Debug|Any CPU.Build.0 = Debug|Any CPU
		{B40A09EF-C151-4ECF-9300-1498ED65DA72}.Debug|Mixed Platforms.ActiveCfg = Debug|Any CPU
		{B40A09EF-C151-4ECF-9300-1498ED65DA72}.Debug|Mixed Platforms.Build.0 = Debug|Any CPU
		{B40A09EF-C151-4ECF-9300-1498ED65DA72}.Debug|x86.ActiveCfg = Debug|Any CPU
		{B40A09EF-C151-4ECF-9300-1498ED65DA72}.Release|Any CPU.ActiveCfg = Release|Any CPU
		{B40A09EF-C151-4ECF-9300-1498ED65DA72}.Release|Any CPU.Build.0 = Release|Any CPU
		{B40A09EF-C151-4ECF-9300-1498ED65DA72}.Release|Mixed Platforms.ActiveCfg = Release|Any CPU
		{B40A09EF-C151-4ECF-9300-1498ED65DA72}.Release|Mixed Platforms.Build.0 = Release|Any CPU
		{B40A09EF-C151-4ECF-9300-1498ED65DA72}.Release|x86.ActiveCfg = Release|Any CPU
	EndGlobalSection
	GlobalSection(SolutionProperties) = preSolution
		HideSolutionNode = FALSE
	EndGlobalSection
EndGlobal
